
Microsoft Visual Studio Solution File, Format Version 12.00
# Visual Studio Version 17
VisualStudioVersion = 17.6.33723.286
MinimumVisualStudioVersion = 10.0.40219.1
Project("{9A19103F-16F7-4668-BE54-9A1E7A4F7556}") = "Demo", "Demo\Demo.csproj", "{DFBD0F5A-566C-4715-BBCF-033238CD59D8}"
EndProject
Project("{9A19103F-16F7-4668-BE54-9A1E7A4F7556}") = "Demo.Plugin", "Demo.Plugin\Demo.Plugin.csproj", "{0B8F5584-2828-4B9A-9BA7-AC602CA4DF15}"
EndProject
Global
	GlobalSection(SolutionConfigurationPlatforms) = preSolution
		Debug|Any CPU = Debug|Any CPU
		Release|Any CPU = Release|Any CPU
	EndGlobalSection
	GlobalSection(ProjectConfigurationPlatforms) = postSolution
		{DFBD0F5A-566C-4715-BBCF-033238CD59D8}.Debug|Any CPU.ActiveCfg = Debug|Any CPU
		{DFBD0F5A-566C-4715-BBCF-033238CD59D8}.Debug|Any CPU.Build.0 = Debug|Any CPU
		{DFBD0F5A-566C-4715-BBCF-033238CD59D8}.Release|Any CPU.ActiveCfg = Release|Any CPU
		{DFBD0F5A-566C-4715-BBCF-033238CD59D8}.Release|Any CPU.Build.0 = Release|Any CPU
		{0B8F5584-2828-4B9A-9BA7-AC602CA4DF15}.Debug|Any CPU.ActiveCfg = Debug|Any CPU
		{0B8F5584-2828-4B9A-9BA7-AC602CA4DF15}.Debug|Any CPU.Build.0 = Debug|Any CPU
		{0B8F5584-2828-4B9A-9BA7-AC602CA4DF15}.Release|Any CPU.ActiveCfg = Release|Any CPU
		{0B8F5584-2828-4B9A-9BA7-AC602CA4DF15}.Release|Any CPU.Build.0 = Release|Any CPU
	EndGlobalSection
	GlobalSection(SolutionProperties) = preSolution
		HideSolutionNode = FALSE
	EndGlobalSection
	GlobalSection(ExtensibilityGlobals) = postSolution
		SolutionGuid = {ACE9BA45-FA0B-4902-A2DC-6556D5BC27BF}
	EndGlobalSection
EndGlobal
